results/AN/base/QC/AN_GSR_BASE.QC.gz
results/AN/target/QC/target.QC.fam
results/AN/target/QC/target.QC.snplist
results/AN/target/QC/target.QC.nodup.snplist
results/AN/target/QC/target.valid.sample
results/AN/target/QC/target.a1
results/AN/target/QC/target.mismatch
results/AN/target/final/target.QC.bed
results/AN/target/final/target.QC.bim
results/AN/target/final/target.QC.fam
data/target/genotype/ukb_imp_allchr_v3_40k_fmri.bim
results/AN/base/QC/AN_GSR_BASE.QC.gz
results/AN/target/QC/target.QC.snplist
data/target/genotype/ukb_imp_allchr_v3_40k_fmri.bim
data/target/genotype/ukb_imp_allchr_v3_40k_fmri.fam
data/target/genotype/ukb_imp_allchr_v3_40k_fmri.bed
results/AN/target/QC/target.QC.snplist
results/AN/target/QC/target.QC.rel.id
results/AN/target/QC/target.mismatch
results/AN/target/QC/target.QC.nodup.snplist
data/target/genotype/ukb_imp_allchr_v3_40k_fmri.bed
results/AN/target/QC/target.a1
results/AN/target/QC/target.QC.het
data/base/pgcAN2.2019-07.vcf.tsv
results/AN/target/QC/target.valid.sample
data/target/genotype/ukb_imp_allchr_v3_40k_fmri.bed
results/AN/target/QC/target.QC.prune.in
results/AN/target/QC/target.QC.fam
data/target/genotype/ukb_imp_allchr_v3_40k_fmri.bed
results/AN/target/QC/target.QC.prune.in
results/AN/target/QC/target.QC.fam
results/AN/target/QC/target.QC.snplist
data/target/genotype/ukb_imp_allchr_v3_40k_fmri.bed
